// !$*UTF8*$!
{
	archiveVersion = 1;
	classes = {
	};
	objectVersion = 77;
	objects = {

/* Begin PBXContainerItemProxy section */
		DBF0EA802EB3A13600DCE216 /* PBXContainerItemProxy */ = {
			isa = PBXContainerItemProxy;
			containerPortal = DBF0EA672EB3A13400DCE216 /* Project object */;
			proxyType = 1;
			remoteGlobalIDString = DBF0EA6E2EB3A13400DCE216;
			remoteInfo = GestureLabIOS;
		};
		DBF0EA8A2EB3A13600DCE216 /* PBXContainerItemProxy */ = {
			isa = PBXContainerItemProxy;
			containerPortal = DBF0EA672EB3A13400DCE216 /* Project object */;
			proxyType = 1;
			remoteGlobalIDString = DBF0EA6E2EB3A13400DCE216;
			remoteInfo = GestureLabIOS;
		};
/* End PBXContainerItemProxy section */

/* Begin PBXFileReference section */
		DBF0EA6F2EB3A13400DCE216 /* GestureLabIOS.app */ = {isa = PBXFileReference; explicitFileType = wrapper.application; includeInIndex = 0; path = GestureLabIOS.app; sourceTree = BUILT_PRODUCTS_DIR; };
		DBF0EA7F2EB3A13600DCE216 /* GestureLabIOSTests.xctest */ = {isa = PBXFileReference; explicitFileType = wrapper.cfbundle; includeInIndex = 0; path = GestureLabIOSTests.xctest; sourceTree = BUILT_PRODUCTS_DIR; };
		DBF0EA892EB3A13600DCE216 /* GestureLabIOSUITests.xctest */ = {isa = PBXFileReference; explicitFileType = wrapper.cfbundle; includeInIndex = 0; path = GestureLabIOSUITests.xctest; sourceTree = BUILT_PRODUCTS_DIR; };
/* End PBXFileReference section */

/* Begin PBXFileSystemSynchronizedBuildFileExceptionSet section */
		DBB36B1D2EBA1CFF0047D850 /* Exceptions for "GestureLabIOS" folder in "GestureLabIOS" target */ = {
			isa = PBXFileSystemSynchronizedBuildFileExceptionSet;
			membershipExceptions = (
				Info.plist,
			);
			target = DBF0EA6E2EB3A13400DCE216 /* GestureLabIOS */;
		};
/* End PBXFileSystemSynchronizedBuildFileExceptionSet section */

/* Begin PBXFileSystemSynchronizedRootGroup section */
		DBF0EA712EB3A13400DCE216 /* GestureLabIOS */ = {
			isa = PBXFileSystemSynchronizedRootGroup;
			exceptions = (
				DBB36B1D2EBA1CFF0047D850 /* Exceptions for "GestureLabIOS" folder in "GestureLabIOS" target */,
			);
			path = GestureLabIOS;
			sourceTree = "<group>";
		};
		DBF0EA822EB3A13600DCE216 /* GestureLabIOSTests */ = {
			isa = PBXFileSystemSynchronizedRootGroup;
			path = GestureLabIOSTests;
			sourceTree = "<group>";
		};
		DBF0EA8C2EB3A13600DCE216 /* GestureLabIOSUITests */ = {
			isa = PBXFileSystemSynchronizedRootGroup;
			path = GestureLabIOSUITests;
			sourceTree = "<group>";
		};
/* End PBXFileSystemSynchronizedRootGroup section */

/* Begin PBXFrameworksBuildPhase section */
		DBF0EA6C2EB3A13400DCE216 /* Frameworks */ = {
			isa = PBXFrameworksBuildPhase;
			buildActionMask = 2147483647;
			files = (
			);
			runOnlyForDeploymentPostprocessing = 0;
		};
		DBF0EA7C2EB3A13600DCE216 /* Frameworks */ = {
			isa = PBXFrameworksBuildPhase;
			buildActionMask = 2147483647;
			files = (
			);
			runOnlyForDeploymentPostprocessing = 0;
		};
		DBF0EA862EB3A13600DCE216 /* Frameworks */ = {
			isa = PBXFrameworksBuildPhase;
			buildActionMask = 2147483647;
			files = (
			);
			runOnlyForDeploymentPostprocessing = 0;
		};
/* End PBXFrameworksBuildPhase section */

/* Begin PBXGroup section */
		DBF0EA662EB3A13400DCE216 = {
			isa = PBXGroup;
			children = (
				DBF0EA712EB3A13400DCE216 /* GestureLabIOS */,
				DBF0EA822EB3A13600DCE216 /* GestureLabIOSTests */,
				DBF0EA8C2EB3A13600DCE216 /* GestureLabIOSUITests */,
				DBF0EA702EB3A13400DCE216 /* Products */,
			);
			sourceTree = "<group>";
		};
		DBF0EA702EB3A13400DCE216 /* Products */ = {
			isa = PBXGroup;
			children = (
				DBF0EA6F2EB3A13400DCE216 /* GestureLabIOS.app */,
				DBF0EA7F2EB3A13600DCE216 /* GestureLabIOSTests.xctest */,
				DBF0EA892EB3A13600DCE216 /* GestureLabIOSUITests.xctest */,
			);
			name = Products;
			sourceTree = "<group>";
		};
/* End PBXGroup section */

/* Begin PBXNativeTarget section */
		DBF0EA6E2EB3A13400DCE216 /* GestureLabIOS */ = {
			isa = PBXNativeTarget;
			buildConfigurationList = DBF0EA932EB3A13600DCE216 /* Build configuration list for PBXNativeTarget "GestureLabIOS" */;
			buildPhases = (
				DBF0EA6B2EB3A13400DCE216 /* Sources */,
				DBF0EA6C2EB3A13400DCE216 /* Frameworks */,
				DBF0EA6D2EB3A13400DCE216 /* Resources */,
			);
			buildRules = (
			);
			dependencies = (
			);
			fileSystemSynchronizedGroups = (
				DBF0EA712EB3A13400DCE216 /* GestureLabIOS */,
			);
			name = GestureLabIOS;
			packageProductDependencies = (
			);
			productName = GestureLabIOS;
			productReference = DBF0EA6F2EB3A13400DCE216 /* GestureLabIOS.app */;
			productType = "com.apple.product-type.application";
		};
		DBF0EA7E2EB3A13600DCE216 /* GestureLabIOSTests */ = {
			isa = PBXNativeTarget;
			buildConfigurationList = DBF0EA962EB3A13600DCE216 /* Build configuration list for PBXNativeTarget "GestureLabIOSTests" */;
			buildPhases = (
				DBF0EA7B2EB3A13600DCE216 /* Sources */,
				DBF0EA7C2EB3A13600DCE216 /* Frameworks */,
				DBF0EA7D2EB3A13600DCE216 /* Resources */,
			);
			buildRules = (
			);
			dependencies = (
				DBF0EA812EB3A13600DCE216 /* PBXTargetDependency */,
			);
			fileSystemSynchronizedGroups = (
				DBF0EA822EB3A13600DCE216 /* GestureLabIOSTests */,
			);
			name = GestureLabIOSTests;
			packageProductDependencies = (
			);
			productName = GestureLabIOSTests;
			productReference = DBF0EA7F2EB3A13600DCE216 /* GestureLabIOSTests.xctest */;
			productType = "com.apple.product-type.bundle.unit-test";
		};
		DBF0EA882EB3A13600DCE216 /* GestureLabIOSUITests */ = {
			isa = PBXNativeTarget;
			buildConfigurationList = DBF0EA992EB3A13600DCE216 /* Build configuration list for PBXNativeTarget "GestureLabIOSUITests" */;
			buildPhases = (
				DBF0EA852EB3A13600DCE216 /* Sources */,
				DBF0EA862EB3A13600DCE216 /* Frameworks */,
				DBF0EA872EB3A13600DCE216 /* Resources */,
			);
			buildRules = (
			);
			dependencies = (
				DBF0EA8B2EB3A13600DCE216 /* PBXTargetDependency */,
			);
			fileSystemSynchronizedGroups = (
				DBF0EA8C2EB3A13600DCE216 /* GestureLabIOSUITests */,
			);
			name = GestureLabIOSUITests;
			packageProductDependencies = (
			);
			productName = GestureLabIOSUITests;
			productReference = DBF0EA892EB3A13600DCE216 /* GestureLabIOSUITests.xctest */;
			productType = "com.apple.product-type.bundle.ui-testing";
		};
/* End PBXNativeTarget section */

/* Begin PBXProject section */
		DBF0EA672EB3A13400DCE216 /* Project object */ = {
			isa = PBXProject;
			attributes = {
				BuildIndependentTargetsInParallel = 1;
				LastSwiftUpdateCheck = 1610;
				LastUpgradeCheck = 1610;
				TargetAttributes = {
					DBF0EA6E2EB3A13400DCE216 = {
						CreatedOnToolsVersion = 16.1;
					};
					DBF0EA7E2EB3A13600DCE216 = {
						CreatedOnToolsVersion = 16.1;
						TestTargetID = DBF0EA6E2EB3A13400DCE216;
					};
					DBF0EA882EB3A13600DCE216 = {
						CreatedOnToolsVersion = 16.1;
						TestTargetID = DBF0EA6E2EB3A13400DCE216;
					};
				};
			};
			buildConfigurationList = DBF0EA6A2EB3A13400DCE216 /* Build configuration list for PBXProject "GestureLabIOS" */;
			developmentRegion = en;
			hasScannedForEncodings = 0;
			knownRegions = (
				en,
				Base,
			);
			mainGroup = DBF0EA662EB3A13400DCE216;
			minimizedProjectReferenceProxies = 1;
			preferredProjectObjectVersion = 77;
			productRefGroup = DBF0EA702EB3A13400DCE216 /* Products */;
			projectDirPath = "";
			projectRoot = "";
			targets = (
				DBF0EA6E2EB3A13400DCE216 /* GestureLabIOS */,
				DBF0EA7E2EB3A13600DCE216 /* GestureLabIOSTests */,
				DBF0EA882EB3A13600DCE216 /* GestureLabIOSUITests */,
			);
		};
/* End PBXProject section */

/* Begin PBXResourcesBuildPhase section */
		DBF0EA6D2EB3A13400DCE216 /* Resources */ = {
			isa = PBXResourcesBuildPhase;
			buildActionMask = 2147483647;
			files = (
			);
			runOnlyForDeploymentPostprocessing = 0;
		};
		DBF0EA7D2EB3A13600DCE216 /* Resources */ = {
			isa = PBXResourcesBuildPhase;
			buildActionMask = 2147483647;
			files = (
			);
			runOnlyForDeploymentPostprocessing = 0;
		};
		DBF0EA872EB3A13600DCE216 /* Resources */ = {
			isa = PBXResourcesBuildPhase;
			buildActionMask = 2147483647;
			files = (
			);
			runOnlyForDeploymentPostprocessing = 0;
		};
/* End PBXResourcesBuildPhase section */

/* Begin PBXSourcesBuildPhase section */
		DBF0EA6B2EB3A13400DCE216 /* Sources */ = {
			isa = PBXSourcesBuildPhase;
			buildActionMask = 2147483647;
			files = (
			);
			runOnlyForDeploymentPostprocessing = 0;
		};
		DBF0EA7B2EB3A13600DCE216 /* Sources */ = {
			isa = PBXSourcesBuildPhase;
			buildActionMask = 2147483647;
			files = (
			);
			runOnlyForDeploymentPostprocessing = 0;
		};
		DBF0EA852EB3A13600DCE216 /* Sources */ = {
			isa = PBXSourcesBuildPhase;
			buildActionMask = 2147483647;
			files = (
			);
			runOnlyForDeploymentPostprocessing = 0;
		};
/* End PBXSourcesBuildPhase section */

/* Begin PBXTargetDependency section */
		DBF0EA812EB3A13600DCE216 /* PBXTargetDependency */ = {
			isa = PBXTargetDependency;
			target = DBF0EA6E2EB3A13400DCE216 /* GestureLabIOS */;
			targetProxy = DBF0EA802EB3A13600DCE216 /* PBXContainerItemProxy */;
		};
		DBF0EA8B2EB3A13600DCE216 /* PBXTargetDependency */ = {
			isa = PBXTargetDependency;
			target = DBF0EA6E2EB3A13400DCE216 /* GestureLabIOS */;
			targetProxy = DBF0EA8A2EB3A13600DCE216 /* PBXContainerItemProxy */;
		};
/* End PBXTargetDependency section */

/* Begin XCBuildConfiguration section */
		DBF0EA912EB3A13600DCE216 /* Debug */ = {
			isa = XCBuildConfiguration;
			buildSettings = {
				ALWAYS_SEARCH_USER_PATHS = NO;
				ASSETCATALOG_COMPILER_GENERATE_SWIFT_ASSET_SYMBOL_EXTENSIONS = YES;
				CLANG_ANALYZER_NONNULL = YES;
				CLANG_ANALYZER_NUMBER_OBJECT_CONVERSION = YES_AGGRESSIVE;
				CLANG_CXX_LANGUAGE_STANDARD = "gnu++20";
				CLANG_ENABLE_MODULES = YES;
				CLANG_ENABLE_OBJC_ARC = YES;
				CLANG_ENABLE_OBJC_WEAK = YES;
				CLANG_WARN_BLOCK_CAPTURE_AUTORELEASING = YES;
				CLANG_WARN_BOOL_CONVERSION = YES;
				CLANG_WARN_COMMA = YES;
				CLANG_WARN_CONSTANT_CONVERSION = YES;
				CLANG_WARN_DEPRECATED_OBJC_IMPLEMENTATIONS = YES;
				CLANG_WARN_DIRECT_OBJC_ISA_USAGE = YES_ERROR;
				CLANG_WARN_DOCUMENTATION_COMMENTS = YES;
				CLANG_WARN_EMPTY_BODY = YES;
				CLANG_WARN_ENUM_CONVERSION = YES;
				CLANG_WARN_INFINITE_RECURSION = YES;
				CLANG_WARN_INT_CONVERSION = YES;
				CLANG_WARN_NON_LITERAL_NULL_CONVERSION = YES;
				CLANG_WARN_OBJC_IMPLICIT_RETAIN_SELF = YES;
				CLANG_WARN_OBJC_LITERAL_CONVERSION = YES;
				CLANG_WARN_OBJC_ROOT_CLASS = YES_ERROR;
				CLANG_WARN_QUOTED_INCLUDE_IN_FRAMEWORK_HEADER = YES;
				CLANG_WARN_RANGE_LOOP_ANALYSIS = YES;
				CLANG_WARN_STRICT_PROTOTYPES = YES;
				CLANG_WARN_SUSPICIOUS_MOVE = YES;
				CLANG_WARN_UNGUARDED_AVAILABILITY = YES_AGGRESSIVE;
				CLANG_WARN_UNREACHABLE_CODE = YES;
				CLANG_WARN__DUPLICATE_METHOD_MATCH = YES;
				COPY_PHASE_STRIP = NO;
				DEBUG_INFORMATION_FORMAT = dwarf;
				ENABLE_STRICT_OBJC_MSGSEND = YES;
				ENABLE_TESTABILITY = YES;
				ENABLE_USER_SCRIPT_SANDBOXING = YES;
				GCC_C_LANGUAGE_STANDARD = gnu17;
				GCC_DYNAMIC_NO_PIC = NO;
				GCC_NO_COMMON_BLOCKS = YES;
				GCC_OPTIMIZATION_LEVEL = 0;
				GCC_PREPROCESSOR_DEFINITIONS = (
					"DEBUG=1",
					"$(inherited)",
				);
				GCC_WARN_64_TO_32_BIT_CONVERSION = YES;
				GCC_WARN_ABOUT_RETURN_TYPE = YES_ERROR;
				GCC_WARN_UNDECLARED_SELECTOR = YES;
				GCC_WARN_UNINITIALIZED_AUTOS = YES_AGGRESSIVE;
				GCC_WARN_UNUSED_FUNCTION = YES;
				GCC_WARN_UNUSED_VARIABLE = YES;
				IPHONEOS_DEPLOYMENT_TARGET = 18.1;
				LOCALIZATION_PREFERS_STRING_CATALOGS = YES;
				MTL_ENABLE_DEBUG_INFO = INCLUDE_SOURCE;
				MTL_FAST_MATH = YES;
				ONLY_ACTIVE_ARCH = YES;
				SDKROOT = iphoneos;
				SWIFT_ACTIVE_COMPILATION_CONDITIONS = "DEBUG $(inherited)";
				SWIFT_OPTIMIZATION_LEVEL = "-Onone";
			};
			name = Debug;
		};
		DBF0EA922EB3A13600DCE216 /* Release */ = {
			isa = XCBuildConfiguration;
			buildSettings = {
				ALWAYS_SEARCH_USER_PATHS = NO;
				ASSETCATALOG_COMPILER_GENERATE_SWIFT_ASSET_SYMBOL_EXTENSIONS = YES;
				CLANG_ANALYZER_NONNULL = YES;
				CLANG_ANALYZER_NUMBER_OBJECT_CONVERSION = YES_AGGRESSIVE;
				CLANG_CXX_LANGUAGE_STANDARD = "gnu++20";
				CLANG_ENABLE_MODULES = YES;
				CLANG_ENABLE_OBJC_ARC = YES;
				CLANG_ENABLE_OBJC_WEAK = YES;
				CLANG_WARN_BLOCK_CAPTURE_AUTORELEASING = YES;
				CLANG_WARN_BOOL_CONVERSION = YES;
				CLANG_WARN_COMMA = YES;
				CLANG_WARN_CONSTANT_CONVERSION = YES;
				CLANG_WARN_DEPRECATED_OBJC_IMPLEMENTATIONS = YES;
				CLANG_WARN_DIRECT_OBJC_ISA_USAGE = YES_ERROR;
				CLANG_WARN_DOCUMENTATION_COMMENTS = YES;
				CLANG_WARN_EMPTY_BODY = YES;
				CLANG_WARN_ENUM_CONVERSION = YES;
				CLANG_WARN_INFINITE_RECURSION = YES;
				CLANG_WARN_INT_CONVERSION = YES;
				CLANG_WARN_NON_LITERAL_NULL_CONVERSION = YES;
				CLANG_WARN_OBJC_IMPLICIT_RETAIN_SELF = YES;
				CLANG_WARN_OBJC_LITERAL_CONVERSION = YES;
				CLANG_WARN_OBJC_ROOT_CLASS = YES_ERROR;
				CLANG_WARN_QUOTED_INCLUDE_IN_FRAMEWORK_HEADER = YES;
				CLANG_WARN_RANGE_LOOP_ANALYSIS = YES;
				CLANG_WARN_STRICT_PROTOTYPES = YES;
				CLANG_WARN_SUSPICIOUS_MOVE = YES;
				CLANG_WARN_UNGUARDED_AVAILABILITY = YES_AGGRESSIVE;
				CLANG_WARN_UNREACHABLE_CODE = YES;
				CLANG_WARN__DUPLICATE_METHOD_MATCH = YES;
				COPY_PHASE_STRIP = NO;
				DEBUG_INFORMATION_FORMAT = "dwarf-with-dsym";
				ENABLE_NS_ASSERTIONS = NO;
				ENABLE_STRICT_OBJC_MSGSEND = YES;
				ENABLE_USER_SCRIPT_SANDBOXING = YES;
				GCC_C_LANGUAGE_STANDARD = gnu17;
				GCC_NO_COMMON_BLOCKS = YES;
				GCC_WARN_64_TO_32_BIT_CONVERSION = YES;
				GCC_WARN_ABOUT_RETURN_TYPE = YES_ERROR;
				GCC_WARN_UNDECLARED_SELECTOR = YES;
				GCC_WARN_UNINITIALIZED_AUTOS = YES_AGGRESSIVE;
				GCC_WARN_UNUSED_FUNCTION = YES;
				GCC_WARN_UNUSED_VARIABLE = YES;
				IPHONEOS_DEPLOYMENT_TARGET = 18.1;
				LOCALIZATION_PREFERS_STRING_CATALOGS = YES;
				MTL_ENABLE_DEBUG_INFO = NO;
				MTL_FAST_MATH = YES;
				SDKROOT = iphoneos;
				SWIFT_COMPILATION_MODE = wholemodule;
				VALIDATE_PRODUCT = YES;
			};
			name = Release;
		};
		DBF0EA942EB3A13600DCE216 /* Debug */ = {
			isa = XCBuildConfiguration;
			buildSettings = {
				ASSETCATALOG_COMPILER_APPICON_NAME = AppIcon;
				ASSETCATALOG_COMPILER_GLOBAL_ACCENT_COLOR_NAME = AccentColor;
				CODE_SIGN_STYLE = Automatic;
				CURRENT_PROJECT_VERSION = 1;
				DEVELOPMENT_ASSET_PATHS = "\"GestureLabIOS/Preview Content\"";
				DEVELOPMENT_TEAM = GU56GN88TC;
				ENABLE_PREVIEWS = YES;
				GENERATE_INFOPLIST_FILE = YES;
				INFOPLIST_FILE = GestureLabIOS/Info.plist;
				INFOPLIST_KEY_NSCameraUsageDescription = "GestureLab needs access to the camera to let you take photos.";
				INFOPLIST_KEY_NSLocationWhenInUseUsageDescription = "GestureLab uses your location to show nearby content.";
				INFOPLIST_KEY_NSMicrophoneUsageDescription = "GestureLab needs the microphone to record audio.";
				INFOPLIST_KEY_NSPhotoLibraryAddUsageDescription = "GestureLab needs permission to save photos to your library.";
				INFOPLIST_KEY_NSPhotoLibraryUsageDescription = "GestureLab needs access to the photo library to pick and save photos";
				INFOPLIST_KEY_UIApplicationSceneManifest_Generation = YES;
				INFOPLIST_KEY_UIApplicationSupportsIndirectInputEvents = YES;
				INFOPLIST_KEY_UILaunchScreen_Generation = YES;
				INFOPLIST_KEY_UISupportedInterfaceOrientations_iPad = "UIInterfaceOrientationPortrait UIInterfaceOrientationPortraitUpsideDown UIInterfaceOrientationLandscapeLeft UIInterfaceOrientationLandscapeRight";
				INFOPLIST_KEY_UISupportedInterfaceOrientations_iPhone = "UIInterfaceOrientationPortrait UIInterfaceOrientationLandscapeLeft UIInterfaceOrientationLandscapeRight";
				LD_RUNPATH_SEARCH_PATHS = (
					"$(inherited)",
					"@executable_path/Frameworks",
				);
				MARKETING_VERSION = 1.0;
				PRODUCT_BUNDLE_IDENTIFIER = com.badigeraravinda.GestureLabIOS;
				PRODUCT_NAME = "$(TARGET_NAME)";
				SWIFT_EMIT_LOC_STRINGS = YES;
				SWIFT_VERSION = 5.0;
				TARGETED_DEVICE_FAMILY = "1,2";
			};
			name = Debug;
		};
		DBF0EA952EB3A13600DCE216 /* Release */ = {
			isa = XCBuildConfiguration;
			buildSettings = {
				ASSETCATALOG_COMPILER_APPICON_NAME = AppIcon;
				ASSETCATALOG_COMPILER_GLOBAL_ACCENT_COLOR_NAME = AccentColor;
				CODE_SIGN_STYLE = Automatic;
				CURRENT_PROJECT_VERSION = 1;
				DEVELOPMENT_ASSET_PATHS = "\"GestureLabIOS/Preview Content\"";
				DEVELOPMENT_TEAM = GU56GN88TC;
				ENABLE_PREVIEWS = YES;
				GENERATE_INFOPLIST_FILE = YES;
				INFOPLIST_FILE = GestureLabIOS/Info.plist;
				INFOPLIST_KEY_NSCameraUsageDescription = "GestureLab needs access to the camera to let you take photos.";
				INFOPLIST_KEY_NSLocationWhenInUseUsageDescription = "GestureLab uses your location to show nearby content.";
				INFOPLIST_KEY_NSMicrophoneUsageDescription = "GestureLab needs the microphone to record audio.";
				INFOPLIST_KEY_NSPhotoLibraryAddUsageDescription = "GestureLab needs permission to save photos to your library.";
				INFOPLIST_KEY_NSPhotoLibraryUsageDescription = "GestureLab needs access to the photo library to pick and save photos";
				INFOPLIST_KEY_UIApplicationSceneManifest_Generation = YES;
				INFOPLIST_KEY_UIApplicationSupportsIndirectInputEvents = YES;
				INFOPLIST_KEY_UILaunchScreen_Generation = YES;
				INFOPLIST_KEY_UISupportedInterfaceOrientations_iPad = "UIInterfaceOrientationPortrait UIInterfaceOrientationPortraitUpsideDown UIInterfaceOrientationLandscapeLeft UIInterfaceOrientationLandscapeRight";
				INFOPLIST_KEY_UISupportedInterfaceOrientations_iPhone = "UIInterfaceOrientationPortrait UIInterfaceOrientationLandscapeLeft UIInterfaceOrientationLandscapeRight";
				LD_RUNPATH_SEARCH_PATHS = (
					"$(inherited)",
					"@executable_path/Frameworks",
				);
				MARKETING_VERSION = 1.0;
				PRODUCT_BUNDLE_IDENTIFIER = com.badigeraravinda.GestureLabIOS;
				PRODUCT_NAME = "$(TARGET_NAME)";
				SWIFT_EMIT_LOC_STRINGS = YES;
				SWIFT_VERSION = 5.0;
				TARGETED_DEVICE_FAMILY = "1,2";
			};
			name = Release;
		};
		DBF0EA972EB3A13600DCE216 /* Debug */ = {
			isa = XCBuildConfiguration;
			buildSettings = {
				BUNDLE_LOADER = "$(TEST_HOST)";
				CODE_SIGN_STYLE = Automatic;
				CURRENT_PROJECT_VERSION = 1;
				DEVELOPMENT_TEAM = GU56GN88TC;
				GENERATE_INFOPLIST_FILE = YES;
				IPHONEOS_DEPLOYMENT_TARGET = 18.1;
				MARKETING_VERSION = 1.0;
				PRODUCT_BUNDLE_IDENTIFIER = com.badigeraravinda.GestureLabIOSTests;
				PRODUCT_NAME = "$(TARGET_NAME)";
				SWIFT_EMIT_LOC_STRINGS = NO;
				SWIFT_VERSION = 5.0;
				TARGETED_DEVICE_FAMILY = "1,2";
				TEST_HOST = "$(BUILT_PRODUCTS_DIR)/GestureLabIOS.app/$(BUNDLE_EXECUTABLE_FOLDER_PATH)/GestureLabIOS";
			};
			name = Debug;
		};
		DBF0EA982EB3A13600DCE216 /* Release */ = {
			isa = XCBuildConfiguration;
			buildSettings = {
				BUNDLE_LOADER = "$(TEST_HOST)";
				CODE_SIGN_STYLE = Automatic;
				CURRENT_PROJECT_VERSION = 1;
				DEVELOPMENT_TEAM = GU56GN88TC;
				GENERATE_INFOPLIST_FILE = YES;
				IPHONEOS_DEPLOYMENT_TARGET = 18.1;
				MARKETING_VERSION = 1.0;
				PRODUCT_BUNDLE_IDENTIFIER = com.badigeraravinda.GestureLabIOSTests;
				PRODUCT_NAME = "$(TARGET_NAME)";
				SWIFT_EMIT_LOC_STRINGS = NO;
				SWIFT_VERSION = 5.0;
				TARGETED_DEVICE_FAMILY = "1,2";
				TEST_HOST = "$(BUILT_PRODUCTS_DIR)/GestureLabIOS.app/$(BUNDLE_EXECUTABLE_FOLDER_PATH)/GestureLabIOS";
			};
			name = Release;
		};
		DBF0EA9A2EB3A13600DCE216 /* Debug */ = {
			isa = XCBuildConfiguration;
			buildSettings = {
				CODE_SIGN_STYLE = Automatic;
				CURRENT_PROJECT_VERSION = 1;
				DEVELOPMENT_TEAM = GU56GN88TC;
				GENERATE_INFOPLIST_FILE = YES;
				MARKETING_VERSION = 1.0;
				PRODUCT_BUNDLE_IDENTIFIER = com.badigeraravinda.GestureLabIOSUITests;
				PRODUCT_NAME = "$(TARGET_NAME)";
				SWIFT_EMIT_LOC_STRINGS = NO;
				SWIFT_VERSION = 5.0;
				TARGETED_DEVICE_FAMILY = "1,2";
				TEST_TARGET_NAME = GestureLabIOS;
			};
			name = Debug;
		};
		DBF0EA9B2EB3A13600DCE216 /* Release */ = {
			isa = XCBuildConfiguration;
			buildSettings = {
				CODE_SIGN_STYLE = Automatic;
				CURRENT_PROJECT_VERSION = 1;
				DEVELOPMENT_TEAM = GU56GN88TC;
				GENERATE_INFOPLIST_FILE = YES;
				MARKETING_VERSION = 1.0;
				PRODUCT_BUNDLE_IDENTIFIER = com.badigeraravinda.GestureLabIOSUITests;
				PRODUCT_NAME = "$(TARGET_NAME)";
				SWIFT_EMIT_LOC_STRINGS = NO;
				SWIFT_VERSION = 5.0;
				TARGETED_DEVICE_FAMILY = "1,2";
				TEST_TARGET_NAME = GestureLabIOS;
			};
			name = Release;
		};
/* End XCBuildConfiguration section */

/* Begin XCConfigurationList section */
		DBF0EA6A2EB3A13400DCE216 /* Build configuration list for PBXProject "GestureLabIOS" */ = {
			isa = XCConfigurationList;
			buildConfigurations = (
				DBF0EA912EB3A13600DCE216 /* Debug */,
				DBF0EA922EB3A13600DCE216 /* Release */,
			);
			defaultConfigurationIsVisible = 0;
			defaultConfigurationName = Release;
		};
		DBF0EA932EB3A13600DCE216 /* Build configuration list for PBXNativeTarget "GestureLabIOS" */ = {
			isa = XCConfigurationList;
			buildConfigurations = (
				DBF0EA942EB3A13600DCE216 /* Debug */,
				DBF0EA952EB3A13600DCE216 /* Release */,
			);
			defaultConfigurationIsVisible = 0;
			defaultConfigurationName = Release;
		};
		DBF0EA962EB3A13600DCE216 /* Build configuration list for PBXNativeTarget "GestureLabIOSTests" */ = {
			isa = XCConfigurationList;
			buildConfigurations = (
				DBF0EA972EB3A13600DCE216 /* Debug */,
				DBF0EA982EB3A13600DCE216 /* Release */,
			);
			defaultConfigurationIsVisible = 0;
			defaultConfigurationName = Release;
		};
		DBF0EA992EB3A13600DCE216 /* Build configuration list for PBXNativeTarget "GestureLabIOSUITests" */ = {
			isa = XCConfigurationList;
			buildConfigurations = (
				DBF0EA9A2EB3A13600DCE216 /* Debug */,
				DBF0EA9B2EB3A13600DCE216 /* Release */,
			);
			defaultConfigurationIsVisible = 0;
			defaultConfigurationName = Release;
		};
/* End XCConfigurationList section */
	};
	rootObject = DBF0EA672EB3A13400DCE216 /* Project object */;
}
